
Microsoft Visual Studio Solution File, Format Version 12.00
# Visual Studio 2015
Project("{FAE04EC0-301F-11D3-BF4B-00C04F79EFBC}") = "Frat Game.CSharp", "Frat Game.CSharp.csproj", "{37BB3297-81F4-0AFB-CD08-E77A73836072}"
EndProject
Global
	GlobalSection(SolutionConfigurationPlatforms) = preSolution
		Debug|Any CPU = Debug|Any CPU
		Release|Any CPU = Release|Any CPU
	EndGlobalSection
	GlobalSection(ProjectConfigurationPlatforms) = postSolution
		{37BB3297-81F4-0AFB-CD08-E77A73836072}.Debug|Any CPU.ActiveCfg = Debug|Any CPU
		{37BB3297-81F4-0AFB-CD08-E77A73836072}.Debug|Any CPU.Build.0 = Debug|Any CPU
		{37BB3297-81F4-0AFB-CD08-E77A73836072}.Release|Any CPU.ActiveCfg = Release|Any CPU
		{37BB3297-81F4-0AFB-CD08-E77A73836072}.Release|Any CPU.Build.0 = Release|Any CPU
	EndGlobalSection
	GlobalSection(SolutionProperties) = preSolution
		HideSolutionNode = FALSE
	EndGlobalSection
EndGlobal
